{
  "version": 4,
  "terraform_version": "0.14.5",
  "serial": 16,
  "lineage": "50803503-c597-0451-5f45-d69e981e2074",
  "outputs": {},
  "resources": [
    {
      "mode": "managed",
      "type": "yandex_iam_service_account",
      "name": "docker-registry",
      "provider": "provider[\"registry.terraform.io/yandex-cloud/yandex\"]",
      "instances": [
        {
          "schema_version": 0,
          "attributes": {
            "created_at": "2021-01-24T15:02:34Z",
            "description": "service account to use container registry",
            "folder_id": "b1gfgjklq2jdr9r8phmt",
            "id": "ajelvunngc0h4quieb1u",
            "name": "docker",
            "timeouts": null
          },
          "sensitive_attributes": [],
          "private": "eyJlMmJmYjczMC1lY2FhLTExZTYtOGY4OC0zNDM2M2JjN2M0YzAiOnsiY3JlYXRlIjo2MDAwMDAwMDAwMCwiZGVsZXRlIjo2MDAwMDAwMDAwMCwidXBkYXRlIjo2MDAwMDAwMDAwMH19"
        }
      ]
    },
    {
      "mode": "managed",
      "type": "yandex_iam_service_account",
      "name": "instances-editor",
      "provider": "provider[\"registry.terraform.io/yandex-cloud/yandex\"]",
      "instances": [
        {
          "schema_version": 0,
          "attributes": {
            "created_at": "2021-01-24T15:02:33Z",
            "description": "service account to manage VMs",
            "folder_id": "b1gfgjklq2jdr9r8phmt",
            "id": "ajej18d94ckotjtq1ss5",
            "name": "instances",
            "timeouts": null
          },
          "sensitive_attributes": [],
          "private": "eyJlMmJmYjczMC1lY2FhLTExZTYtOGY4OC0zNDM2M2JjN2M0YzAiOnsiY3JlYXRlIjo2MDAwMDAwMDAwMCwiZGVsZXRlIjo2MDAwMDAwMDAwMCwidXBkYXRlIjo2MDAwMDAwMDAwMH19"
        }
      ]
    },
    {
      "mode": "managed",
      "type": "yandex_kubernetes_cluster",
      "name": "kuber-cluster",
      "provider": "provider[\"registry.terraform.io/yandex-cloud/yandex\"]",
      "instances": [
        {
          "schema_version": 0,
          "attributes": {
            "cluster_ipv4_range": "10.112.0.0/16",
            "created_at": "2021-01-24T15:05:16Z",
            "description": "",
            "folder_id": "b1gfgjklq2jdr9r8phmt",
            "health": "healthy",
            "id": "cat5vtmd1aomgsk6lqeu",
            "kms_provider": [],
            "labels": {},
            "master": [
              {
                "cluster_ca_certificate": "-----BEGIN CERTIFICATE-----\nMIIC5zCCAc+gAwIBAgIBADANBgkqhkiG9w0BAQsFADAVMRMwEQYDVQQDEwprdWJl\ncm5ldGVzMB4XDTIxMDEyNDE1MDUxOFoXDTMxMDEyMjE1MDUxOFowFTETMBEGA1UE\nAxMKa3ViZXJuZXRlczCCASIwDQYJKoZIhvcNAQEBBQADggEPADCCAQoCggEBAOS/\n+Ia9jqXxdDQAdQoTH/EnSrzr0eFHBGxc8w/6vF3cKFmC+CkEAPhekT1wX3KBiFvl\nfKYtMhBG4DQckQ8RMbcrK/dF05OymlrbA0fchPrwSOqLtudHV8hg2VSGJCezsFoP\n8gZHnghj3d3mzBpDLcHaflUTuNlNmhwLKG2nBxhhxTBe8Ea95fZLqW+ZizNTYEtx\naSzEzSYKOgDHvMRem4Ad1ksHDWJZNsnink3FRDMLPlXb/CyK4aPGFhO9iEbZmOKg\njgoeQqzoBofKapiqKjABxwXgV9Qg1DoSr9doqyZqGyT4QLGKwNFJWj04QCLGY59B\nyEzSCpN4sBhDjTMXwQkCAwEAAaNCMEAwDgYDVR0PAQH/BAQDAgKkMA8GA1UdEwEB\n/wQFMAMBAf8wHQYDVR0OBBYEFKbBHYhJdjPJI8FD29nlqyj8IQYIMA0GCSqGSIb3\nDQEBCwUAA4IBAQDIoI+/drA0KHlaxuX9iP7Gx7ZMuqE2IguJ4Doksd9x2VP+UpI9\nkIhN0IGH6Cpdf74naLmm3tGYW5mgFcP8GiGccFhBSj6lLl521gnlmu4698BPou8C\n8mTO3H6G49IO/vos1WiuibG5g5j4TShdVQdYnMNtnKz/HgJSGr1/uoFGYAhVDmrh\nyJZLm6XXtBweZqrG12/jJ69wQVRejbucnANL6yCUg83TERE4M9qSbSf1UVXUOzR7\n15A1VzfzSoe5vZhRNOTKPtQE1NXolo2sbjcxUy6+sZAMUEy8sGQLfb7gTslPzeE+\nzTBu02Ufn6AYejZ7FnznC3fLQkggM4CJkewD\n-----END CERTIFICATE-----\n",
                "external_v4_address": "178.154.253.199",
                "external_v4_endpoint": "https://178.154.253.199",
                "internal_v4_address": "10.200.0.31",
                "internal_v4_endpoint": "https://10.200.0.31",
                "maintenance_policy": [
                  {
                    "auto_upgrade": true,
                    "maintenance_window": []
                  }
                ],
                "public_ip": true,
                "regional": [],
                "version": "1.18",
                "version_info": [
                  {
                    "current_version": "1.18",
                    "new_revision_available": false,
                    "new_revision_summary": "",
                    "version_deprecated": false
                  }
                ],
                "zonal": [
                  {
                    "subnet_id": "e9bq3c7cnnvd8j98447s",
                    "zone": "ru-central1-a"
                  }
                ]
              }
            ],
            "name": "kub-test",
            "network_id": "enpdlcllvnu6a2uf2leq",
            "network_policy_provider": null,
            "node_ipv4_cidr_mask_size": 24,
            "node_service_account_id": "ajelvunngc0h4quieb1u",
            "release_channel": "RAPID",
            "service_account_id": "ajej18d94ckotjtq1ss5",
            "service_ipv4_range": "10.96.0.0/16",
            "status": "running",
            "timeouts": null
          },
          "sensitive_attributes": [],
          "private": "eyJlMmJmYjczMC1lY2FhLTExZTYtOGY4OC0zNDM2M2JjN2M0YzAiOnsiY3JlYXRlIjoxODAwMDAwMDAwMDAwLCJkZWxldGUiOjEyMDAwMDAwMDAwMDAsInJlYWQiOjMwMDAwMDAwMDAwMCwidXBkYXRlIjoxODAwMDAwMDAwMDAwfX0=",
          "dependencies": [
            "yandex_iam_service_account.docker-registry",
            "yandex_iam_service_account.instances-editor",
            "yandex_vpc_network.internal"
          ]
        }
      ]
    },
    {
      "mode": "managed",
      "type": "yandex_kubernetes_node_group",
      "name": "node-group-0",
      "provider": "provider[\"registry.terraform.io/yandex-cloud/yandex\"]",
      "instances": [
        {
          "schema_version": 0,
          "attributes": {
            "allocation_policy": [
              {
                "location": [
                  {
                    "subnet_id": "e9bq3c7cnnvd8j98447s",
                    "zone": "ru-central1-a"
                  }
                ]
              }
            ],
            "allowed_unsafe_sysctls": null,
            "cluster_id": "cat5vtmd1aomgsk6lqeu",
            "created_at": "2021-01-24T15:14:42Z",
            "deploy_policy": [
              {
                "max_expansion": 3,
                "max_unavailable": 0
              }
            ],
            "description": "",
            "id": "catruu1niqcr5gj31njp",
            "instance_group_id": "cl1qjlfo8s1edkjuc8rl",
            "instance_template": [
              {
                "boot_disk": [
                  {
                    "size": 64,
                    "type": "network-hdd"
                  }
                ],
                "metadata": {},
                "nat": true,
                "platform_id": "standard-v2",
                "resources": [
                  {
                    "core_fraction": 20,
                    "cores": 2,
                    "gpus": 0,
                    "memory": 2
                  }
                ],
                "scheduling_policy": [
                  {
                    "preemptible": false
                  }
                ]
              }
            ],
            "labels": {},
            "maintenance_policy": [
              {
                "auto_repair": true,
                "auto_upgrade": false,
                "maintenance_window": []
              }
            ],
            "name": "test-group-auto",
            "node_labels": null,
            "node_taints": null,
            "scale_policy": [
              {
                "auto_scale": [
                  {
                    "initial": 2,
                    "max": 3,
                    "min": 2
                  }
                ],
                "fixed_scale": []
              }
            ],
            "status": "running",
            "timeouts": null,
            "version": "1.18",
            "version_info": [
              {
                "current_version": "1.18",
                "new_revision_available": false,
                "new_revision_summary": "",
                "version_deprecated": false
              }
            ]
          },
          "sensitive_attributes": [],
          "private": "eyJlMmJmYjczMC1lY2FhLTExZTYtOGY4OC0zNDM2M2JjN2M0YzAiOnsiY3JlYXRlIjozNjAwMDAwMDAwMDAwLCJkZWxldGUiOjEyMDAwMDAwMDAwMDAsInJlYWQiOjYwMDAwMDAwMDAwMCwidXBkYXRlIjozNjAwMDAwMDAwMDAwfX0=",
          "dependencies": [
            "yandex_kubernetes_cluster.kuber-cluster"
          ]
        }
      ]
    },
    {
      "mode": "managed",
      "type": "yandex_resourcemanager_folder_iam_binding",
      "name": "editor",
      "provider": "provider[\"registry.terraform.io/yandex-cloud/yandex\"]",
      "instances": [
        {
          "schema_version": 0,
          "attributes": {
            "folder_id": "b1gfgjklq2jdr9r8phmt",
            "id": "b1gfgjklq2jdr9r8phmt/editor",
            "members": [
              "serviceAccount:ajej18d94ckotjtq1ss5"
            ],
            "role": "editor",
            "sleep_after": null
          },
          "sensitive_attributes": [],
          "private": "bnVsbA==",
          "dependencies": [
            "yandex_iam_service_account.instances-editor"
          ]
        }
      ]
    },
    {
      "mode": "managed",
      "type": "yandex_resourcemanager_folder_iam_binding",
      "name": "puller",
      "provider": "provider[\"registry.terraform.io/yandex-cloud/yandex\"]",
      "instances": [
        {
          "schema_version": 0,
          "attributes": {
            "folder_id": "b1gfgjklq2jdr9r8phmt",
            "id": "b1gfgjklq2jdr9r8phmt/container-registry.images.puller",
            "members": [
              "serviceAccount:ajelvunngc0h4quieb1u"
            ],
            "role": "container-registry.images.puller",
            "sleep_after": null
          },
          "sensitive_attributes": [],
          "private": "bnVsbA==",
          "dependencies": [
            "yandex_iam_service_account.docker-registry"
          ]
        }
      ]
    },
    {
      "mode": "managed",
      "type": "yandex_resourcemanager_folder_iam_binding",
      "name": "pusher",
      "provider": "provider[\"registry.terraform.io/yandex-cloud/yandex\"]",
      "instances": [
        {
          "schema_version": 0,
          "attributes": {
            "folder_id": "b1gfgjklq2jdr9r8phmt",
            "id": "b1gfgjklq2jdr9r8phmt/container-registry.images.pusher",
            "members": [
              "serviceAccount:ajelvunngc0h4quieb1u"
            ],
            "role": "container-registry.images.pusher",
            "sleep_after": null
          },
          "sensitive_attributes": [],
          "private": "bnVsbA==",
          "dependencies": [
            "yandex_iam_service_account.docker-registry"
          ]
        }
      ]
    },
    {
      "mode": "managed",
      "type": "yandex_vpc_network",
      "name": "internal",
      "provider": "provider[\"registry.terraform.io/yandex-cloud/yandex\"]",
      "instances": [
        {
          "schema_version": 0,
          "attributes": {
            "created_at": "2021-01-24T15:02:33Z",
            "default_security_group_id": "",
            "description": "",
            "folder_id": "b1gfgjklq2jdr9r8phmt",
            "id": "enpdlcllvnu6a2uf2leq",
            "labels": {},
            "name": "internal",
            "subnet_ids": [
              "b0cbl3tpi5ha4tl1c6at",
              "e2ll97jrc0evqeivlscm",
              "e9bgvb1je3gqbk1pk4qg",
              "e9bq3c7cnnvd8j98447s",
              "e9bvkjg0rc5037v7ahoj"
            ],
            "timeouts": null
          },
          "sensitive_attributes": [],
          "private": "eyJlMmJmYjczMC1lY2FhLTExZTYtOGY4OC0zNDM2M2JjN2M0YzAiOnsiY3JlYXRlIjo2MDAwMDAwMDAwMCwiZGVsZXRlIjo2MDAwMDAwMDAwMCwidXBkYXRlIjo2MDAwMDAwMDAwMH19"
        }
      ]
    },
    {
      "mode": "managed",
      "type": "yandex_vpc_subnet",
      "name": "internal-a",
      "provider": "provider[\"registry.terraform.io/yandex-cloud/yandex\"]",
      "instances": [
        {
          "schema_version": 0,
          "attributes": {
            "created_at": "2021-01-24T15:02:35Z",
            "description": "",
            "dhcp_options": [],
            "folder_id": "b1gfgjklq2jdr9r8phmt",
            "id": "e9bq3c7cnnvd8j98447s",
            "labels": {},
            "name": "internal-a",
            "network_id": "enpdlcllvnu6a2uf2leq",
            "route_table_id": "",
            "timeouts": null,
            "v4_cidr_blocks": [
              "10.200.0.0/16"
            ],
            "v6_cidr_blocks": [],
            "zone": "ru-central1-a"
          },
          "sensitive_attributes": [],
          "private": "eyJlMmJmYjczMC1lY2FhLTExZTYtOGY4OC0zNDM2M2JjN2M0YzAiOnsiY3JlYXRlIjoxODAwMDAwMDAwMDAsImRlbGV0ZSI6MTgwMDAwMDAwMDAwLCJ1cGRhdGUiOjE4MDAwMDAwMDAwMH19",
          "dependencies": [
            "yandex_vpc_network.internal"
          ]
        }
      ]
    },
    {
      "mode": "managed",
      "type": "yandex_vpc_subnet",
      "name": "internal-b",
      "provider": "provider[\"registry.terraform.io/yandex-cloud/yandex\"]",
      "instances": [
        {
          "schema_version": 0,
          "attributes": {
            "created_at": "2021-01-24T15:02:34Z",
            "description": "",
            "dhcp_options": [],
            "folder_id": "b1gfgjklq2jdr9r8phmt",
            "id": "e2ll97jrc0evqeivlscm",
            "labels": {},
            "name": "internal-b",
            "network_id": "enpdlcllvnu6a2uf2leq",
            "route_table_id": "",
            "timeouts": null,
            "v4_cidr_blocks": [
              "10.201.0.0/16"
            ],
            "v6_cidr_blocks": [],
            "zone": "ru-central1-b"
          },
          "sensitive_attributes": [],
          "private": "eyJlMmJmYjczMC1lY2FhLTExZTYtOGY4OC0zNDM2M2JjN2M0YzAiOnsiY3JlYXRlIjoxODAwMDAwMDAwMDAsImRlbGV0ZSI6MTgwMDAwMDAwMDAwLCJ1cGRhdGUiOjE4MDAwMDAwMDAwMH19",
          "dependencies": [
            "yandex_vpc_network.internal"
          ]
        }
      ]
    },
    {
      "mode": "managed",
      "type": "yandex_vpc_subnet",
      "name": "internal-c",
      "provider": "provider[\"registry.terraform.io/yandex-cloud/yandex\"]",
      "instances": [
        {
          "schema_version": 0,
          "attributes": {
            "created_at": "2021-01-24T15:02:34Z",
            "description": "",
            "dhcp_options": [],
            "folder_id": "b1gfgjklq2jdr9r8phmt",
            "id": "b0cbl3tpi5ha4tl1c6at",
            "labels": {},
            "name": "internal-c",
            "network_id": "enpdlcllvnu6a2uf2leq",
            "route_table_id": "",
            "timeouts": null,
            "v4_cidr_blocks": [
              "10.202.0.0/16"
            ],
            "v6_cidr_blocks": [],
            "zone": "ru-central1-c"
          },
          "sensitive_attributes": [],
          "private": "eyJlMmJmYjczMC1lY2FhLTExZTYtOGY4OC0zNDM2M2JjN2M0YzAiOnsiY3JlYXRlIjoxODAwMDAwMDAwMDAsImRlbGV0ZSI6MTgwMDAwMDAwMDAwLCJ1cGRhdGUiOjE4MDAwMDAwMDAwMH19",
          "dependencies": [
            "yandex_vpc_network.internal"
          ]
        }
      ]
    }
  ]
}
